{
    "_readme": [
        "This file locks the dependencies of your project to a known state",
        "Read more about it at https://getcomposer.org/doc/01-basic-usage.md#installing-dependencies",
        "This file is @generated automatically"
    ],
    "content-hash": "bb207ace2b2a1a73a7106edff77d9795",
    "packages": [
        {
            "name": "flow-php/etl",
            "version": "dev-poc/serialization",
            "source": {
                "type": "git",
                "url": "https://github.com/flow-php/etl.git",
                "reference": "d3fa12d88acaae9809b0bc618320e35e0f44b5ca"
            },
            "dist": {
                "type": "zip",
                "url": "https://api.github.com/repos/flow-php/etl/zipball/d3fa12d88acaae9809b0bc618320e35e0f44b5ca",
                "reference": "d3fa12d88acaae9809b0bc618320e35e0f44b5ca",
                "shasum": ""
            },
            "require": {
                "ext-mbstring": "*",
                "php": "^7.4.2 || ~8.0"
            },
            "type": "library",
            "autoload": {
                "psr-4": {
                    "Flow\\": [
                        "src/Flow"
                    ]
                }
            },
            "notification-url": "https://packagist.org/downloads/",
            "license": [
                "MIT"
            ],
            "description": "PHP ETL - Extract Transform Load - Abstraction",
            "keywords": [
                "etl",
                "extract",
                "load",
                "transform"
            ],
            "support": {
                "issues": "https://github.com/flow-php/etl/issues",
                "source": "https://github.com/flow-php/etl/tree/poc/serialization"
            },
            "time": "2022-02-07T20:41:42+00:00"
        }
    ],
    "packages-dev": [],
    "aliases": [
        {
            "package": "flow-php/etl",
            "version": "dev-poc/serialization",
            "alias": "1.x-dev",
            "alias_normalized": "1.9999999.9999999.9999999-dev"
        }
    ],
    "minimum-stability": "dev",
    "stability-flags": {
        "flow-php/etl": 20
    },
    "prefer-stable": true,
    "prefer-lowest": false,
    "platform": {
        "php": "^7.4 | ^8.0",
        "ext-xmlreader": "*",
        "ext-dom": "*"
    },
    "platform-dev": [],
    "plugin-api-version": "2.2.0"
}
